
Microsoft Visual Studio Solution File, Format Version 12.00
# Visual Studio Version 16
VisualStudioVersion = 16.0.31729.503
MinimumVisualStudioVersion = 10.0.40219.1
Project("{FAE04EC0-301F-11D3-BF4B-00C04F79EFBC}") = "TemplatesComponent", "TemplatesComponent\TemplatesComponent.csproj", "{70750978-9290-4CFF-A650-34EB815B1ABE}"
EndProject
Global
	GlobalSection(SolutionConfigurationPlatforms) = preSolution
		Debug|Any CPU = Debug|Any CPU
		Release|Any CPU = Release|Any CPU
	EndGlobalSection
	GlobalSection(ProjectConfigurationPlatforms) = postSolution
		{70750978-9290-4CFF-A650-34EB815B1ABE}.Debug|Any CPU.ActiveCfg = Debug|Any CPU
		{70750978-9290-4CFF-A650-34EB815B1ABE}.Debug|Any CPU.Build.0 = Debug|Any CPU
		{70750978-9290-4CFF-A650-34EB815B1ABE}.Release|Any CPU.ActiveCfg = Release|Any CPU
		{70750978-9290-4CFF-A650-34EB815B1ABE}.Release|Any CPU.Build.0 = Release|Any CPU
	EndGlobalSection
	GlobalSection(SolutionProperties) = preSolution
		HideSolutionNode = FALSE
	EndGlobalSection
	GlobalSection(ExtensibilityGlobals) = postSolution
		SolutionGuid = {D5BCE1EC-BABD-44D3-B9B3-565B85E6D762}
	EndGlobalSection
EndGlobal
